Microsoft Visual Studio Solution File, Format Version 10.00
# Visual C++ Express 2008
Project("{05314891-EEB5-B418-B362-0EDBF8CB5F84}") = "chronomeState", "chronomeState.vcproj", "{A1405EB8-5C1B-0711-E7B9-E3D57184C0E6}"
EndProject
Global
	GlobalSection(SolutionConfigurationPlatforms) = preSolution
		Debug|Win32 = Debug|Win32
		Release|Win32 = Release|Win32
	EndGlobalSection
	GlobalSection(ProjectConfigurationPlatforms) = postSolution
		{A1405EB8-5C1B-0711-E7B9-E3D57184C0E6}.Debug|Win32.ActiveCfg = Debug|Win32
		{A1405EB8-5C1B-0711-E7B9-E3D57184C0E6}.Debug|Win32.Build.0 = Debug|Win32
		{A1405EB8-5C1B-0711-E7B9-E3D57184C0E6}.Release|Win32.ActiveCfg = Release|Win32
		{A1405EB8-5C1B-0711-E7B9-E3D57184C0E6}.Release|Win32.Build.0 = Release|Win32
	EndGlobalSection
	GlobalSection(SolutionProperties) = preSolution
		HideSolutionNode = FALSE
	EndGlobalSection
EndGlobal
